
Microsoft Visual Studio Solution File, Format Version 12.00
# Visual Studio Version 16
VisualStudioVersion = 16.0.29418.71
MinimumVisualStudioVersion = 10.0.40219.1
Project("{FAE04EC0-301F-11D3-BF4B-00C04F79EFBC}") = "KF2_banlist_editor", "KF2_banlist_editor\KF2_banlist_editor.csproj", "{482F6EFA-73D8-4B5D-ABA9-AD6A0CE31B83}"
EndProject
Global
	GlobalSection(SolutionConfigurationPlatforms) = preSolution
		Debug|Any CPU = Debug|Any CPU
		Release|Any CPU = Release|Any CPU
	EndGlobalSection
	GlobalSection(ProjectConfigurationPlatforms) = postSolution
		{482F6EFA-73D8-4B5D-ABA9-AD6A0CE31B83}.Debug|Any CPU.ActiveCfg = Debug|Any CPU
		{482F6EFA-73D8-4B5D-ABA9-AD6A0CE31B83}.Debug|Any CPU.Build.0 = Debug|Any CPU
		{482F6EFA-73D8-4B5D-ABA9-AD6A0CE31B83}.Release|Any CPU.ActiveCfg = Release|Any CPU
		{482F6EFA-73D8-4B5D-ABA9-AD6A0CE31B83}.Release|Any CPU.Build.0 = Release|Any CPU
	EndGlobalSection
	GlobalSection(SolutionProperties) = preSolution
		HideSolutionNode = FALSE
	EndGlobalSection
	GlobalSection(ExtensibilityGlobals) = postSolution
		SolutionGuid = {8CA7B342-01DD-441C-8779-1C9DAD8640ED}
	EndGlobalSection
EndGlobal
